
Microsoft Visual Studio Solution File, Format Version 12.00
# Visual Studio 15
VisualStudioVersion = 15.0.28010.2041
MinimumVisualStudioVersion = 10.0.40219.1
Project("{FAE04EC0-301F-11D3-BF4B-00C04F79EFBC}") = "RSSApp", "RSSApp\RSSApp.csproj", "{6403440F-4D63-4312-9C3F-66DD16920732}"
EndProject
Project("{2150E333-8FDC-42A3-9474-1A3956D46DE8}") = "DL", "DL", "{568CA372-E00D-41EF-970D-0220FC9EFB0F}"
EndProject
Global
	GlobalSection(SolutionConfigurationPlatforms) = preSolution
		Debug|Any CPU = Debug|Any CPU
		Release|Any CPU = Release|Any CPU
	EndGlobalSection
	GlobalSection(ProjectConfigurationPlatforms) = postSolution
		{6403440F-4D63-4312-9C3F-66DD16920732}.Debug|Any CPU.ActiveCfg = Debug|Any CPU
		{6403440F-4D63-4312-9C3F-66DD16920732}.Debug|Any CPU.Build.0 = Debug|Any CPU
		{6403440F-4D63-4312-9C3F-66DD16920732}.Release|Any CPU.ActiveCfg = Release|Any CPU
		{6403440F-4D63-4312-9C3F-66DD16920732}.Release|Any CPU.Build.0 = Release|Any CPU
	EndGlobalSection
	GlobalSection(SolutionProperties) = preSolution
		HideSolutionNode = FALSE
	EndGlobalSection
	GlobalSection(ExtensibilityGlobals) = postSolution
		SolutionGuid = {5D7D17B7-C5BB-4B88-ADB7-A7809C6118F8}
	EndGlobalSection
EndGlobal
